
Microsoft Visual Studio Solution File, Format Version 12.00
# Visual Studio Version 17
VisualStudioVersion = 17.14.36327.8
MinimumVisualStudioVersion = 10.0.40219.1
Project("{2150E333-8FDC-42A3-9474-1A3956D46DE8}") = "src", "src", "{02EA681E-C7D8-13C7-8484-4AC65E1B71E8}"
EndProject
Project("{2150E333-8FDC-42A3-9474-1A3956D46DE8}") = "tests", "tests", "{081C7141-CE83-4D69-938D-FD056A72633A}"
EndProject
Project("{FAE04EC0-301F-11D3-BF4B-00C04F79EFBC}") = "LogicaNegocio", "src\LogicaNegocio\LogicaNegocio.csproj", "{90C08900-C3B2-4C4A-82FE-18040C315A2D}"
EndProject
Project("{FAE04EC0-301F-11D3-BF4B-00C04F79EFBC}") = "Infraestructura", "src\Infraestructura\Infraestructura.csproj", "{91066941-6640-4BC9-BBC6-F678795EF1DC}"
EndProject
Project("{FAE04EC0-301F-11D3-BF4B-00C04F79EFBC}") = "Incidentes.Api", "src\Incidentes.Api\Incidentes.Api.csproj", "{2D71063B-0253-481D-A817-5DF46B3C2186}"
EndProject
Project("{FAE04EC0-301F-11D3-BF4B-00C04F79EFBC}") = "LogicaNegocio.Tests", "tests\LogicaNegocio.Tests\LogicaNegocio.Tests.csproj", "{7D90D042-70E0-4AD6-BDF8-33D6D633B881}"
EndProject
Global
	GlobalSection(SolutionConfigurationPlatforms) = preSolution
		Debug|Any CPU = Debug|Any CPU
		Release|Any CPU = Release|Any CPU
	EndGlobalSection
	GlobalSection(ProjectConfigurationPlatforms) = postSolution
		{90C08900-C3B2-4C4A-82FE-18040C315A2D}.Debug|Any CPU.ActiveCfg = Debug|Any CPU
		{90C08900-C3B2-4C4A-82FE-18040C315A2D}.Debug|Any CPU.Build.0 = Debug|Any CPU
		{90C08900-C3B2-4C4A-82FE-18040C315A2D}.Release|Any CPU.ActiveCfg = Release|Any CPU
		{90C08900-C3B2-4C4A-82FE-18040C315A2D}.Release|Any CPU.Build.0 = Release|Any CPU
		{91066941-6640-4BC9-BBC6-F678795EF1DC}.Debug|Any CPU.ActiveCfg = Debug|Any CPU
		{91066941-6640-4BC9-BBC6-F678795EF1DC}.Debug|Any CPU.Build.0 = Debug|Any CPU
		{91066941-6640-4BC9-BBC6-F678795EF1DC}.Release|Any CPU.ActiveCfg = Release|Any CPU
		{91066941-6640-4BC9-BBC6-F678795EF1DC}.Release|Any CPU.Build.0 = Release|Any CPU
		{2D71063B-0253-481D-A817-5DF46B3C2186}.Debug|Any CPU.ActiveCfg = Debug|Any CPU
		{2D71063B-0253-481D-A817-5DF46B3C2186}.Debug|Any CPU.Build.0 = Debug|Any CPU
		{2D71063B-0253-481D-A817-5DF46B3C2186}.Release|Any CPU.ActiveCfg = Release|Any CPU
		{2D71063B-0253-481D-A817-5DF46B3C2186}.Release|Any CPU.Build.0 = Release|Any CPU
		{7D90D042-70E0-4AD6-BDF8-33D6D633B881}.Debug|Any CPU.ActiveCfg = Debug|Any CPU
		{7D90D042-70E0-4AD6-BDF8-33D6D633B881}.Debug|Any CPU.Build.0 = Debug|Any CPU
		{7D90D042-70E0-4AD6-BDF8-33D6D633B881}.Release|Any CPU.ActiveCfg = Release|Any CPU
		{7D90D042-70E0-4AD6-BDF8-33D6D633B881}.Release|Any CPU.Build.0 = Release|Any CPU
	EndGlobalSection
	GlobalSection(SolutionProperties) = preSolution
		HideSolutionNode = FALSE
	EndGlobalSection
	GlobalSection(NestedProjects) = preSolution
		{90C08900-C3B2-4C4A-82FE-18040C315A2D} = {02EA681E-C7D8-13C7-8484-4AC65E1B71E8}
		{91066941-6640-4BC9-BBC6-F678795EF1DC} = {02EA681E-C7D8-13C7-8484-4AC65E1B71E8}
		{2D71063B-0253-481D-A817-5DF46B3C2186} = {02EA681E-C7D8-13C7-8484-4AC65E1B71E8}
		{7D90D042-70E0-4AD6-BDF8-33D6D633B881} = {081C7141-CE83-4D69-938D-FD056A72633A}
	EndGlobalSection
	GlobalSection(ExtensibilityGlobals) = postSolution
		SolutionGuid = {01983896-D0AD-4D91-824B-AD5FD73CCBB9}
	EndGlobalSection
EndGlobal
